
Microsoft Visual Studio Solution File, Format Version 12.00
# Visual Studio Version 16
VisualStudioVersion = 16.0.32602.291
MinimumVisualStudioVersion = 10.0.40219.1
Project("{FAE04EC0-301F-11D3-BF4B-00C04F79EFBC}") = "Lab2WpfApp1", "Lab2WpfApp1\Lab2WpfApp1.csproj", "{27491FE4-CBEE-4D68-9377-B9DCD1C16691}"
EndProject
Global
	GlobalSection(SolutionConfigurationPlatforms) = preSolution
		Debug|Any CPU = Debug|Any CPU
		Release|Any CPU = Release|Any CPU
	EndGlobalSection
	GlobalSection(ProjectConfigurationPlatforms) = postSolution
		{27491FE4-CBEE-4D68-9377-B9DCD1C16691}.Debug|Any CPU.ActiveCfg = Debug|Any CPU
		{27491FE4-CBEE-4D68-9377-B9DCD1C16691}.Debug|Any CPU.Build.0 = Debug|Any CPU
		{27491FE4-CBEE-4D68-9377-B9DCD1C16691}.Release|Any CPU.ActiveCfg = Release|Any CPU
		{27491FE4-CBEE-4D68-9377-B9DCD1C16691}.Release|Any CPU.Build.0 = Release|Any CPU
	EndGlobalSection
	GlobalSection(SolutionProperties) = preSolution
		HideSolutionNode = FALSE
	EndGlobalSection
	GlobalSection(ExtensibilityGlobals) = postSolution
		SolutionGuid = {E9228C03-FD32-4993-B958-A97FA8576D21}
	EndGlobalSection
EndGlobal
